
Microsoft Visual Studio Solution File, Format Version 11.00
# Visual Studio 2010
Project("{FAE04EC0-301F-11D3-BF4B-00C04F79EFBC}") = "Assembly-CSharp", "Assembly-CSharp.csproj", "{835E211F-BE17-80BB-3670-CC538326442C}"
EndProject
Project("{FAE04EC0-301F-11D3-BF4B-00C04F79EFBC}") = "Assembly-CSharp-firstpass", "Assembly-CSharp-firstpass.csproj", "{601E669C-9495-D2F2-9BFE-6A9C402A6A8F}"
EndProject
Project("{FAE04EC0-301F-11D3-BF4B-00C04F79EFBC}") = "Assembly-CSharp-Editor-firstpass", "Assembly-CSharp-Editor-firstpass.csproj", "{6E63C58D-207E-C438-548F-387E9E80296B}"
EndProject
Project("{FAE04EC0-301F-11D3-BF4B-00C04F79EFBC}") = "Assembly-CSharp-Editor", "Assembly-CSharp-Editor.csproj", "{17884CB8-0E5B-3635-5B7A-DD3A49A7EA73}"
EndProject
Global
	GlobalSection(SolutionConfigurationPlatforms) = preSolution
		Debug|Any CPU = Debug|Any CPU
		Release|Any CPU = Release|Any CPU
	EndGlobalSection
	GlobalSection(ProjectConfigurationPlatforms) = postSolution
		{835E211F-BE17-80BB-3670-CC538326442C}.Debug|Any CPU.ActiveCfg = Debug|Any CPU
		{835E211F-BE17-80BB-3670-CC538326442C}.Debug|Any CPU.Build.0 = Debug|Any CPU
		{835E211F-BE17-80BB-3670-CC538326442C}.Release|Any CPU.ActiveCfg = Release|Any CPU
		{835E211F-BE17-80BB-3670-CC538326442C}.Release|Any CPU.Build.0 = Release|Any CPU
		{601E669C-9495-D2F2-9BFE-6A9C402A6A8F}.Debug|Any CPU.ActiveCfg = Debug|Any CPU
		{601E669C-9495-D2F2-9BFE-6A9C402A6A8F}.Debug|Any CPU.Build.0 = Debug|Any CPU
		{601E669C-9495-D2F2-9BFE-6A9C402A6A8F}.Release|Any CPU.ActiveCfg = Release|Any CPU
		{601E669C-9495-D2F2-9BFE-6A9C402A6A8F}.Release|Any CPU.Build.0 = Release|Any CPU
		{6E63C58D-207E-C438-548F-387E9E80296B}.Debug|Any CPU.ActiveCfg = Debug|Any CPU
		{6E63C58D-207E-C438-548F-387E9E80296B}.Debug|Any CPU.Build.0 = Debug|Any CPU
		{6E63C58D-207E-C438-548F-387E9E80296B}.Release|Any CPU.ActiveCfg = Release|Any CPU
		{6E63C58D-207E-C438-548F-387E9E80296B}.Release|Any CPU.Build.0 = Release|Any CPU
		{17884CB8-0E5B-3635-5B7A-DD3A49A7EA73}.Debug|Any CPU.ActiveCfg = Debug|Any CPU
		{17884CB8-0E5B-3635-5B7A-DD3A49A7EA73}.Debug|Any CPU.Build.0 = Debug|Any CPU
		{17884CB8-0E5B-3635-5B7A-DD3A49A7EA73}.Release|Any CPU.ActiveCfg = Release|Any CPU
		{17884CB8-0E5B-3635-5B7A-DD3A49A7EA73}.Release|Any CPU.Build.0 = Release|Any CPU
	EndGlobalSection
	GlobalSection(SolutionProperties) = preSolution
		HideSolutionNode = FALSE
	EndGlobalSection
EndGlobal
